
Microsoft Visual Studio Solution File, Format Version 12.00
# Visual Studio 2013
VisualStudioVersion = 12.0.40629.0
MinimumVisualStudioVersion = 10.0.40219.1
Project("{FAE04EC0-301F-11D3-BF4B-00C04F79EFBC}") = "StacjaPaliw(final)", "StacjaPaliw(final)\StacjaPaliw(final).csproj", "{0EBE9675-2F87-4929-8A54-178E7095FFC2}"
EndProject
Global
	GlobalSection(SolutionConfigurationPlatforms) = preSolution
		Debug|Any CPU = Debug|Any CPU
		Release|Any CPU = Release|Any CPU
	EndGlobalSection
	GlobalSection(ProjectConfigurationPlatforms) = postSolution
		{0EBE9675-2F87-4929-8A54-178E7095FFC2}.Debug|Any CPU.ActiveCfg = Debug|Any CPU
		{0EBE9675-2F87-4929-8A54-178E7095FFC2}.Debug|Any CPU.Build.0 = Debug|Any CPU
		{0EBE9675-2F87-4929-8A54-178E7095FFC2}.Release|Any CPU.ActiveCfg = Release|Any CPU
		{0EBE9675-2F87-4929-8A54-178E7095FFC2}.Release|Any CPU.Build.0 = Release|Any CPU
	EndGlobalSection
	GlobalSection(SolutionProperties) = preSolution
		HideSolutionNode = FALSE
	EndGlobalSection
EndGlobal
